Microsoft Visual Studio Solution File, Format Version 12.00
# Visual Studio Version 17
VisualStudioVersion = 17.14.35906.104
MinimumVisualStudioVersion = 10.0.40219.1
Project("{FAE04EC0-301F-11D3-BF4B-00C04F79EFBC}") = "ConsolApp1", "ConsolApp1.csproj", "{6F21F28F-4177-4C58-9FD7-85C73D82D5BF}"
EndProject
Global
	GlobalSection(SolutionConfigurationPlatforms) = preSolution
		Debug|Any CPU = Debug|Any CPU
		Release|Any CPU = Release|Any CPU
	EndGlobalSection
	GlobalSection(ProjectConfigurationPlatforms) = postSolution
		{6F21F28F-4177-4C58-9FD7-85C73D82D5BF}.Debug|Any CPU.ActiveCfg = Debug|Any CPU
		{6F21F28F-4177-4C58-9FD7-85C73D82D5BF}.Debug|Any CPU.Build.0 = Debug|Any CPU
		{6F21F28F-4177-4C58-9FD7-85C73D82D5BF}.Release|Any CPU.ActiveCfg = Release|Any CPU
		{6F21F28F-4177-4C58-9FD7-85C73D82D5BF}.Release|Any CPU.Build.0 = Release|Any CPU
	EndGlobalSection
	GlobalSection(SolutionProperties) = preSolution
		HideSolutionNode = FALSE
	EndGlobalSection
	GlobalSection(ExtensibilityGlobals) = postSolution
		SolutionGuid = {F5F5EB7A-00DB-4C02-A550-6CA61D562D45}
	EndGlobalSection
EndGlobal
